
Microsoft Visual Studio Solution File, Format Version 12.00
# Visual Studio Version 16
VisualStudioVersion = 16.0.32228.343
MinimumVisualStudioVersion = 10.0.40219.1
Project("{FAE04EC0-301F-11D3-BF4B-00C04F79EFBC}") = "u21686875_HW03", "u21686875_HW03\u21686875_HW03.csproj", "{0EF0F0DB-BD83-4863-BE91-91657DF96302}"
EndProject
Global
	GlobalSection(SolutionConfigurationPlatforms) = preSolution
		Debug|Any CPU = Debug|Any CPU
		Release|Any CPU = Release|Any CPU
	EndGlobalSection
	GlobalSection(ProjectConfigurationPlatforms) = postSolution
		{0EF0F0DB-BD83-4863-BE91-91657DF96302}.Debug|Any CPU.ActiveCfg = Debug|Any CPU
		{0EF0F0DB-BD83-4863-BE91-91657DF96302}.Debug|Any CPU.Build.0 = Debug|Any CPU
		{0EF0F0DB-BD83-4863-BE91-91657DF96302}.Release|Any CPU.ActiveCfg = Release|Any CPU
		{0EF0F0DB-BD83-4863-BE91-91657DF96302}.Release|Any CPU.Build.0 = Release|Any CPU
	EndGlobalSection
	GlobalSection(SolutionProperties) = preSolution
		HideSolutionNode = FALSE
	EndGlobalSection
	GlobalSection(ExtensibilityGlobals) = postSolution
		SolutionGuid = {CDB1256F-C382-4A06-B8B9-0225F392D965}
	EndGlobalSection
EndGlobal
